
Microsoft Visual Studio Solution File, Format Version 12.00
# Visual Studio Version 17
VisualStudioVersion = 17.0.32112.339
MinimumVisualStudioVersion = 10.0.40219.1
Project("{9A19103F-16F7-4668-BE54-9A1E7A4F7556}") = "ShellyPlugExporter", "ShellyPlugExporter\ShellyPlugExporter.csproj", "{C00C69A4-C5B4-472F-9889-2EF0735B54CC}"
EndProject
Project("{9A19103F-16F7-4668-BE54-9A1E7A4F7556}") = "Utilities", "Utilities\Utilities.csproj", "{86805521-B985-4ACB-9119-EC8EA5B79CB9}"
EndProject
Project("{FAE04EC0-301F-11D3-BF4B-00C04F79EFBC}") = "Shelly3EmExporter", "Shelly3EmExporter\Shelly3EmExporter.csproj", "{55710E73-53C4-41AD-870B-8E861950BEF5}"
EndProject
Project("{FAE04EC0-301F-11D3-BF4B-00C04F79EFBC}") = "ShellyPlusPlugExporter", "ShellyPlusPlugExporter\ShellyPlusPlugExporter.csproj", "{F40DD04E-9FD6-41ED-A0D6-3857AAA393C6}"
EndProject
Project("{FAE04EC0-301F-11D3-BF4B-00C04F79EFBC}") = "ShellyPro3EmExporter", "ShellyPro3EmExporter\ShellyPro3EmExporter.csproj", "{714CCA23-5167-4A9A-B4BA-102E97FB335B}"
EndProject
Project("{FAE04EC0-301F-11D3-BF4B-00C04F79EFBC}") = "ShellyPlus1PmExporter", "ShellyPlus1PmExporter\ShellyPlus1PmExporter.csproj", "{C0554911-E2F0-4210-BDE3-9B635B2117C8}"
EndProject
Global
	GlobalSection(SolutionConfigurationPlatforms) = preSolution
		Debug|Any CPU = Debug|Any CPU
		Release|Any CPU = Release|Any CPU
		Description = Prometheus metric exporters for shelly devices
	EndGlobalSection
	GlobalSection(ProjectConfigurationPlatforms) = postSolution
		{C00C69A4-C5B4-472F-9889-2EF0735B54CC}.Debug|Any CPU.ActiveCfg = Debug|Any CPU
		{C00C69A4-C5B4-472F-9889-2EF0735B54CC}.Debug|Any CPU.Build.0 = Debug|Any CPU
		{C00C69A4-C5B4-472F-9889-2EF0735B54CC}.Release|Any CPU.ActiveCfg = Release|Any CPU
		{C00C69A4-C5B4-472F-9889-2EF0735B54CC}.Release|Any CPU.Build.0 = Release|Any CPU
		{86805521-B985-4ACB-9119-EC8EA5B79CB9}.Debug|Any CPU.ActiveCfg = Debug|Any CPU
		{86805521-B985-4ACB-9119-EC8EA5B79CB9}.Debug|Any CPU.Build.0 = Debug|Any CPU
		{86805521-B985-4ACB-9119-EC8EA5B79CB9}.Release|Any CPU.ActiveCfg = Release|Any CPU
		{86805521-B985-4ACB-9119-EC8EA5B79CB9}.Release|Any CPU.Build.0 = Release|Any CPU
		{55710E73-53C4-41AD-870B-8E861950BEF5}.Debug|Any CPU.ActiveCfg = Debug|Any CPU
		{55710E73-53C4-41AD-870B-8E861950BEF5}.Debug|Any CPU.Build.0 = Debug|Any CPU
		{55710E73-53C4-41AD-870B-8E861950BEF5}.Release|Any CPU.ActiveCfg = Release|Any CPU
		{55710E73-53C4-41AD-870B-8E861950BEF5}.Release|Any CPU.Build.0 = Release|Any CPU
		{F40DD04E-9FD6-41ED-A0D6-3857AAA393C6}.Debug|Any CPU.ActiveCfg = Debug|Any CPU
		{F40DD04E-9FD6-41ED-A0D6-3857AAA393C6}.Debug|Any CPU.Build.0 = Debug|Any CPU
		{F40DD04E-9FD6-41ED-A0D6-3857AAA393C6}.Release|Any CPU.ActiveCfg = Release|Any CPU
		{F40DD04E-9FD6-41ED-A0D6-3857AAA393C6}.Release|Any CPU.Build.0 = Release|Any CPU
		{714CCA23-5167-4A9A-B4BA-102E97FB335B}.Debug|Any CPU.ActiveCfg = Debug|Any CPU
		{714CCA23-5167-4A9A-B4BA-102E97FB335B}.Debug|Any CPU.Build.0 = Debug|Any CPU
		{714CCA23-5167-4A9A-B4BA-102E97FB335B}.Release|Any CPU.ActiveCfg = Release|Any CPU
		{714CCA23-5167-4A9A-B4BA-102E97FB335B}.Release|Any CPU.Build.0 = Release|Any CPU
		{C0554911-E2F0-4210-BDE3-9B635B2117C8}.Debug|Any CPU.ActiveCfg = Debug|Any CPU
		{C0554911-E2F0-4210-BDE3-9B635B2117C8}.Debug|Any CPU.Build.0 = Debug|Any CPU
		{C0554911-E2F0-4210-BDE3-9B635B2117C8}.Release|Any CPU.ActiveCfg = Release|Any CPU
		{C0554911-E2F0-4210-BDE3-9B635B2117C8}.Release|Any CPU.Build.0 = Release|Any CPU
	EndGlobalSection
	GlobalSection(SolutionProperties) = preSolution
		HideSolutionNode = FALSE
	EndGlobalSection
	GlobalSection(ExtensibilityGlobals) = postSolution
		SolutionGuid = {8C5E0A6A-0098-4827-97B5-CB7A1B38D681}
	EndGlobalSection
EndGlobal
